// !$*UTF8*$!
{
	archiveVersion = 1;
	classes = {
	};
	objectVersion = 56;
	objects = {

/* Begin PBXBuildFile section */
		62A2F0EF2AC2985F00A83D28 /* iOSCounterApp.swift in Sources */ = {isa = PBXBuildFile; fileRef = 62A2F0EE2AC2985F00A83D28 /* iOSCounterApp.swift */; };
		62A2F0F12AC2985F00A83D28 /* ContentView.swift in Sources */ = {isa = PBXBuildFile; fileRef = 62A2F0F02AC2985F00A83D28 /* ContentView.swift */; };
		62A2F0F32AC2986100A83D28 /* Assets.xcassets in Resources */ = {isa = PBXBuildFile; fileRef = 62A2F0F22AC2986100A83D28 /* Assets.xcassets */; };
		62A2F0F62AC2986100A83D28 /* Preview Assets.xcassets in Resources */ = {isa = PBXBuildFile; fileRef = 62A2F0F52AC2986100A83D28 /* Preview Assets.xcassets */; };
		DF53E0AFA4EA00E08AB930AA /* Pods_iOSCounterApp.framework in Frameworks */ = {isa = PBXBuildFile; fileRef = 246A275D85208655561530B8 /* Pods_iOSCounterApp.framework */; };
/* End PBXBuildFile section */

/* Begin PBXFileReference section */
		246A275D85208655561530B8 /* Pods_iOSCounterApp.framework */ = {isa = PBXFileReference; explicitFileType = wrapper.framework; includeInIndex = 0; path = Pods_iOSCounterApp.framework; sourceTree = BUILT_PRODUCTS_DIR; };
		405543A0F4DD842C0D866E5C /* Pods-iOSCounterApp.release.xcconfig */ = {isa = PBXFileReference; includeInIndex = 1; lastKnownFileType = text.xcconfig; name = "Pods-iOSCounterApp.release.xcconfig"; path = "Target Support Files/Pods-iOSCounterApp/Pods-iOSCounterApp.release.xcconfig"; sourceTree = "<group>"; };
		62A2F0EB2AC2985F00A83D28 /* iOSCounterApp.app */ = {isa = PBXFileReference; explicitFileType = wrapper.application; includeInIndex = 0; path = iOSCounterApp.app; sourceTree = BUILT_PRODUCTS_DIR; };
		62A2F0EE2AC2985F00A83D28 /* iOSCounterApp.swift */ = {isa = PBXFileReference; lastKnownFileType = sourcecode.swift; path = iOSCounterApp.swift; sourceTree = "<group>"; };
		62A2F0F02AC2985F00A83D28 /* ContentView.swift */ = {isa = PBXFileReference; lastKnownFileType = sourcecode.swift; path = ContentView.swift; sourceTree = "<group>"; };
		62A2F0F22AC2986100A83D28 /* Assets.xcassets */ = {isa = PBXFileReference; lastKnownFileType = folder.assetcatalog; path = Assets.xcassets; sourceTree = "<group>"; };
		62A2F0F52AC2986100A83D28 /* Preview Assets.xcassets */ = {isa = PBXFileReference; lastKnownFileType = folder.assetcatalog; path = "Preview Assets.xcassets"; sourceTree = "<group>"; };
		F04CCB5124D1F380FC76C79B /* Pods-iOSCounterApp.debug.xcconfig */ = {isa = PBXFileReference; includeInIndex = 1; lastKnownFileType = text.xcconfig; name = "Pods-iOSCounterApp.debug.xcconfig"; path = "Target Support Files/Pods-iOSCounterApp/Pods-iOSCounterApp.debug.xcconfig"; sourceTree = "<group>"; };
/* End PBXFileReference section */

/* Begin PBXFrameworksBuildPhase section */
		62A2F0E82AC2985F00A83D28 /* Frameworks */ = {
			isa = PBXFrameworksBuildPhase;
			buildActionMask = 2147483647;
			files = (
				DF53E0AFA4EA00E08AB930AA /* Pods_iOSCounterApp.framework in Frameworks */,
			);
			runOnlyForDeploymentPostprocessing = 0;
		};
/* End PBXFrameworksBuildPhase section */

/* Begin PBXGroup section */
		3CBEA6E0E38D877DBE5162E8 /* Frameworks */ = {
			isa = PBXGroup;
			children = (
				246A275D85208655561530B8 /* Pods_iOSCounterApp.framework */,
			);
			name = Frameworks;
			sourceTree = "<group>";
		};
		62A2F0E22AC2985F00A83D28 = {
			isa = PBXGroup;
			children = (
				62A2F0ED2AC2985F00A83D28 /* iOSCounterApp */,
				62A2F0EC2AC2985F00A83D28 /* Products */,
				ECB3C107B56F85BC8802603D /* Pods */,
				3CBEA6E0E38D877DBE5162E8 /* Frameworks */,
			);
			sourceTree = "<group>";
		};
		62A2F0EC2AC2985F00A83D28 /* Products */ = {
			isa = PBXGroup;
			children = (
				62A2F0EB2AC2985F00A83D28 /* iOSCounterApp.app */,
			);
			name = Products;
			sourceTree = "<group>";
		};
		62A2F0ED2AC2985F00A83D28 /* iOSCounterApp */ = {
			isa = PBXGroup;
			children = (
				62A2F0EE2AC2985F00A83D28 /* iOSCounterApp.swift */,
				62A2F0F02AC2985F00A83D28 /* ContentView.swift */,
				62A2F0F22AC2986100A83D28 /* Assets.xcassets */,
				62A2F0F42AC2986100A83D28 /* Preview Content */,
			);
			path = iOSCounterApp;
			sourceTree = "<group>";
		};
		62A2F0F42AC2986100A83D28 /* Preview Content */ = {
			isa = PBXGroup;
			children = (
				62A2F0F52AC2986100A83D28 /* Preview Assets.xcassets */,
			);
			path = "Preview Content";
			sourceTree = "<group>";
		};
		ECB3C107B56F85BC8802603D /* Pods */ = {
			isa = PBXGroup;
			children = (
				F04CCB5124D1F380FC76C79B /* Pods-iOSCounterApp.debug.xcconfig */,
				405543A0F4DD842C0D866E5C /* Pods-iOSCounterApp.release.xcconfig */,
			);
			name = Pods;
			path = Pods;
			sourceTree = "<group>";
		};
/* End PBXGroup section */

/* Begin PBXNativeTarget section */
		62A2F0EA2AC2985F00A83D28 /* iOSCounterApp */ = {
			isa = PBXNativeTarget;
			buildConfigurationList = 62A2F0F92AC2986100A83D28 /* Build configuration list for PBXNativeTarget "iOSCounterApp" */;
			buildPhases = (
				523414033554D6B7813D095B /* [CP] Check Pods Manifest.lock */,
				52206D082F53EBBE05B7068B /* [CP-User] Run Flutter Build flutter_counter Script */,
				62A2F0E72AC2985F00A83D28 /* Sources */,
				62A2F0E82AC2985F00A83D28 /* Frameworks */,
				62A2F0E92AC2985F00A83D28 /* Resources */,
				3BA6D4F0892B309754D654D8 /* [CP-User] Embed Flutter Build flutter_counter Script */,
			);
			buildRules = (
			);
			dependencies = (
			);
			name = iOSCounterApp;
			productName = iOSCounterApp;
			productReference = 62A2F0EB2AC2985F00A83D28 /* iOSCounterApp.app */;
			productType = "com.apple.product-type.application";
		};
/* End PBXNativeTarget section */

/* Begin PBXProject section */
		62A2F0E32AC2985F00A83D28 /* Project object */ = {
			isa = PBXProject;
			attributes = {
				BuildIndependentTargetsInParallel = 1;
				LastSwiftUpdateCheck = 1430;
				LastUpgradeCheck = 1430;
				TargetAttributes = {
					62A2F0EA2AC2985F00A83D28 = {
						CreatedOnToolsVersion = 14.3;
					};
				};
			};
			buildConfigurationList = 62A2F0E62AC2985F00A83D28 /* Build configuration list for PBXProject "iOSCounterApp" */;
			compatibilityVersion = "Xcode 14.0";
			developmentRegion = en;
			hasScannedForEncodings = 0;
			knownRegions = (
				en,
				Base,
			);
			mainGroup = 62A2F0E22AC2985F00A83D28;
			productRefGroup = 62A2F0EC2AC2985F00A83D28 /* Products */;
			projectDirPath = "";
			projectRoot = "";
			targets = (
				62A2F0EA2AC2985F00A83D28 /* iOSCounterApp */,
			);
		};
/* End PBXProject section */

/* Begin PBXResourcesBuildPhase section */
		62A2F0E92AC2985F00A83D28 /* Resources */ = {
			isa = PBXResourcesBuildPhase;
			buildActionMask = 2147483647;
			files = (
				62A2F0F62AC2986100A83D28 /* Preview Assets.xcassets in Resources */,
				62A2F0F32AC2986100A83D28 /* Assets.xcassets in Resources */,
			);
			runOnlyForDeploymentPostprocessing = 0;
		};
/* End PBXResourcesBuildPhase section */

/* Begin PBXShellScriptBuildPhase section */
		3BA6D4F0892B309754D654D8 /* [CP-User] Embed Flutter Build flutter_counter Script */ = {
			isa = PBXShellScriptBuildPhase;
			buildActionMask = 2147483647;
			files = (
			);
			name = "[CP-User] Embed Flutter Build flutter_counter Script";
			runOnlyForDeploymentPostprocessing = 0;
			shellPath = /bin/sh;
			shellScript = "set -e\nset -u\nsource \"${SRCROOT}/../flutter_counter/.ios/Flutter/flutter_export_environment.sh\"\nexport VERBOSE_SCRIPT_LOGGING=1 && \"$FLUTTER_ROOT\"/packages/flutter_tools/bin/xcode_backend.sh embed_and_thin";
		};
		52206D082F53EBBE05B7068B /* [CP-User] Run Flutter Build flutter_counter Script */ = {
			isa = PBXShellScriptBuildPhase;
			buildActionMask = 2147483647;
			files = (
			);
			name = "[CP-User] Run Flutter Build flutter_counter Script";
			runOnlyForDeploymentPostprocessing = 0;
			shellPath = /bin/sh;
			shellScript = "set -e\nset -u\nsource \"${SRCROOT}/../flutter_counter/.ios/Flutter/flutter_export_environment.sh\"\nexport VERBOSE_SCRIPT_LOGGING=1 && \"$FLUTTER_ROOT\"/packages/flutter_tools/bin/xcode_backend.sh build";
		};
		523414033554D6B7813D095B /* [CP] Check Pods Manifest.lock */ = {
			isa = PBXShellScriptBuildPhase;
			buildActionMask = 2147483647;
			files = (
			);
			inputFileListPaths = (
			);
			inputPaths = (
				"${PODS_PODFILE_DIR_PATH}/Podfile.lock",
				"${PODS_ROOT}/Manifest.lock",
			);
			name = "[CP] Check Pods Manifest.lock";
			outputFileListPaths = (
			);
			outputPaths = (
				"$(DERIVED_FILE_DIR)/Pods-iOSCounterApp-checkManifestLockResult.txt",
			);
			runOnlyForDeploymentPostprocessing = 0;
			shellPath = /bin/sh;
			shellScript = "diff \"${PODS_PODFILE_DIR_PATH}/Podfile.lock\" \"${PODS_ROOT}/Manifest.lock\" > /dev/null\nif [ $? != 0 ] ; then\n    # print error to STDERR\n    echo \"error: The sandbox is not in sync with the Podfile.lock. Run 'pod install' or update your CocoaPods installation.\" >&2\n    exit 1\nfi\n# This output is used by Xcode 'outputs' to avoid re-running this script phase.\necho \"SUCCESS\" > \"${SCRIPT_OUTPUT_FILE_0}\"\n";
			showEnvVarsInLog = 0;
		};
/* End PBXShellScriptBuildPhase section */

/* Begin PBXSourcesBuildPhase section */
		62A2F0E72AC2985F00A83D28 /* Sources */ = {
			isa = PBXSourcesBuildPhase;
			buildActionMask = 2147483647;
			files = (
				62A2F0F12AC2985F00A83D28 /* ContentView.swift in Sources */,
				62A2F0EF2AC2985F00A83D28 /* iOSCounterApp.swift in Sources */,
			);
			runOnlyForDeploymentPostprocessing = 0;
		};
/* End PBXSourcesBuildPhase section */

/* Begin XCBuildConfiguration section */
		62A2F0F72AC2986100A83D28 /* Debug */ = {
			isa = XCBuildConfiguration;
			buildSettings = {
				ALWAYS_SEARCH_USER_PATHS = NO;
				CLANG_ANALYZER_NONNULL = YES;
				CLANG_ANALYZER_NUMBER_OBJECT_CONVERSION = YES_AGGRESSIVE;
				CLANG_CXX_LANGUAGE_STANDARD = "gnu++20";
				CLANG_ENABLE_MODULES = YES;
				CLANG_ENABLE_OBJC_ARC = YES;
				CLANG_ENABLE_OBJC_WEAK = YES;
				CLANG_WARN_BLOCK_CAPTURE_AUTORELEASING = YES;
				CLANG_WARN_BOOL_CONVERSION = YES;
				CLANG_WARN_COMMA = YES;
				CLANG_WARN_CONSTANT_CONVERSION = YES;
				CLANG_WARN_DEPRECATED_OBJC_IMPLEMENTATIONS = YES;
				CLANG_WARN_DIRECT_OBJC_ISA_USAGE = YES_ERROR;
				CLANG_WARN_DOCUMENTATION_COMMENTS = YES;
				CLANG_WARN_EMPTY_BODY = YES;
				CLANG_WARN_ENUM_CONVERSION = YES;
				CLANG_WARN_INFINITE_RECURSION = YES;
				CLANG_WARN_INT_CONVERSION = YES;
				CLANG_WARN_NON_LITERAL_NULL_CONVERSION = YES;
				CLANG_WARN_OBJC_IMPLICIT_RETAIN_SELF = YES;
				CLANG_WARN_OBJC_LITERAL_CONVERSION = YES;
				CLANG_WARN_OBJC_ROOT_CLASS = YES_ERROR;
				CLANG_WARN_QUOTED_INCLUDE_IN_FRAMEWORK_HEADER = YES;
				CLANG_WARN_RANGE_LOOP_ANALYSIS = YES;
				CLANG_WARN_STRICT_PROTOTYPES = YES;
				CLANG_WARN_SUSPICIOUS_MOVE = YES;
				CLANG_WARN_UNGUARDED_AVAILABILITY = YES_AGGRESSIVE;
				CLANG_WARN_UNREACHABLE_CODE = YES;
				CLANG_WARN__DUPLICATE_METHOD_MATCH = YES;
				COPY_PHASE_STRIP = NO;
				DEBUG_INFORMATION_FORMAT = dwarf;
				ENABLE_STRICT_OBJC_MSGSEND = YES;
				ENABLE_TESTABILITY = YES;
				GCC_C_LANGUAGE_STANDARD = gnu11;
				GCC_DYNAMIC_NO_PIC = NO;
				GCC_NO_COMMON_BLOCKS = YES;
				GCC_OPTIMIZATION_LEVEL = 0;
				GCC_PREPROCESSOR_DEFINITIONS = (
					"DEBUG=1",
					"$(inherited)",
				);
				GCC_WARN_64_TO_32_BIT_CONVERSION = YES;
				GCC_WARN_ABOUT_RETURN_TYPE = YES_ERROR;
				GCC_WARN_UNDECLARED_SELECTOR = YES;
				GCC_WARN_UNINITIALIZED_AUTOS = YES_AGGRESSIVE;
				GCC_WARN_UNUSED_FUNCTION = YES;
				GCC_WARN_UNUSED_VARIABLE = YES;
				IPHONEOS_DEPLOYMENT_TARGET = 16.4;
				MTL_ENABLE_DEBUG_INFO = INCLUDE_SOURCE;
				MTL_FAST_MATH = YES;
				ONLY_ACTIVE_ARCH = YES;
				SDKROOT = iphoneos;
				SWIFT_ACTIVE_COMPILATION_CONDITIONS = DEBUG;
				SWIFT_OPTIMIZATION_LEVEL = "-Onone";
			};
			name = Debug;
		};
		62A2F0F82AC2986100A83D28 /* Release */ = {
			isa = XCBuildConfiguration;
			buildSettings = {
				ALWAYS_SEARCH_USER_PATHS = NO;
				CLANG_ANALYZER_NONNULL = YES;
				CLANG_ANALYZER_NUMBER_OBJECT_CONVERSION = YES_AGGRESSIVE;
				CLANG_CXX_LANGUAGE_STANDARD = "gnu++20";
				CLANG_ENABLE_MODULES = YES;
				CLANG_ENABLE_OBJC_ARC = YES;
				CLANG_ENABLE_OBJC_WEAK = YES;
				CLANG_WARN_BLOCK_CAPTURE_AUTORELEASING = YES;
				CLANG_WARN_BOOL_CONVERSION = YES;
				CLANG_WARN_COMMA = YES;
				CLANG_WARN_CONSTANT_CONVERSION = YES;
				CLANG_WARN_DEPRECATED_OBJC_IMPLEMENTATIONS = YES;
				CLANG_WARN_DIRECT_OBJC_ISA_USAGE = YES_ERROR;
				CLANG_WARN_DOCUMENTATION_COMMENTS = YES;
				CLANG_WARN_EMPTY_BODY = YES;
				CLANG_WARN_ENUM_CONVERSION = YES;
				CLANG_WARN_INFINITE_RECURSION = YES;
				CLANG_WARN_INT_CONVERSION = YES;
				CLANG_WARN_NON_LITERAL_NULL_CONVERSION = YES;
				CLANG_WARN_OBJC_IMPLICIT_RETAIN_SELF = YES;
				CLANG_WARN_OBJC_LITERAL_CONVERSION = YES;
				CLANG_WARN_OBJC_ROOT_CLASS = YES_ERROR;
				CLANG_WARN_QUOTED_INCLUDE_IN_FRAMEWORK_HEADER = YES;
				CLANG_WARN_RANGE_LOOP_ANALYSIS = YES;
				CLANG_WARN_STRICT_PROTOTYPES = YES;
				CLANG_WARN_SUSPICIOUS_MOVE = YES;
				CLANG_WARN_UNGUARDED_AVAILABILITY = YES_AGGRESSIVE;
				CLANG_WARN_UNREACHABLE_CODE = YES;
				CLANG_WARN__DUPLICATE_METHOD_MATCH = YES;
				COPY_PHASE_STRIP = NO;
				DEBUG_INFORMATION_FORMAT = "dwarf-with-dsym";
				ENABLE_NS_ASSERTIONS = NO;
				ENABLE_STRICT_OBJC_MSGSEND = YES;
				GCC_C_LANGUAGE_STANDARD = gnu11;
				GCC_NO_COMMON_BLOCKS = YES;
				GCC_WARN_64_TO_32_BIT_CONVERSION = YES;
				GCC_WARN_ABOUT_RETURN_TYPE = YES_ERROR;
				GCC_WARN_UNDECLARED_SELECTOR = YES;
				GCC_WARN_UNINITIALIZED_AUTOS = YES_AGGRESSIVE;
				GCC_WARN_UNUSED_FUNCTION = YES;
				GCC_WARN_UNUSED_VARIABLE = YES;
				IPHONEOS_DEPLOYMENT_TARGET = 16.4;
				MTL_ENABLE_DEBUG_INFO = NO;
				MTL_FAST_MATH = YES;
				SDKROOT = iphoneos;
				SWIFT_COMPILATION_MODE = wholemodule;
				SWIFT_OPTIMIZATION_LEVEL = "-O";
				VALIDATE_PRODUCT = YES;
			};
			name = Release;
		};
		62A2F0FA2AC2986100A83D28 /* Debug */ = {
			isa = XCBuildConfiguration;
			baseConfigurationReference = F04CCB5124D1F380FC76C79B /* Pods-iOSCounterApp.debug.xcconfig */;
			buildSettings = {
				ASSETCATALOG_COMPILER_APPICON_NAME = AppIcon;
				ASSETCATALOG_COMPILER_GLOBAL_ACCENT_COLOR_NAME = AccentColor;
				CODE_SIGN_STYLE = Automatic;
				CURRENT_PROJECT_VERSION = 1;
				DEVELOPMENT_ASSET_PATHS = "\"iOSCounterApp/Preview Content\"";
				DEVELOPMENT_TEAM = X8NNQ9CYL2;
				ENABLE_PREVIEWS = YES;
				GENERATE_INFOPLIST_FILE = YES;
				INFOPLIST_KEY_UIApplicationSceneManifest_Generation = YES;
				INFOPLIST_KEY_UIApplicationSupportsIndirectInputEvents = YES;
				INFOPLIST_KEY_UILaunchScreen_Generation = YES;
				INFOPLIST_KEY_UISupportedInterfaceOrientations_iPad = "UIInterfaceOrientationPortrait UIInterfaceOrientationPortraitUpsideDown UIInterfaceOrientationLandscapeLeft UIInterfaceOrientationLandscapeRight";
				INFOPLIST_KEY_UISupportedInterfaceOrientations_iPhone = "UIInterfaceOrientationPortrait UIInterfaceOrientationLandscapeLeft UIInterfaceOrientationLandscapeRight";
				LD_RUNPATH_SEARCH_PATHS = (
					"$(inherited)",
					"@executable_path/Frameworks",
				);
				MARKETING_VERSION = 1.0;
				PRODUCT_BUNDLE_IDENTIFIER = com.ios.native.counterapp.iOSCounterApp;
				PRODUCT_NAME = "$(TARGET_NAME)";
				SWIFT_EMIT_LOC_STRINGS = YES;
				SWIFT_VERSION = 5.0;
				TARGETED_DEVICE_FAMILY = "1,2";
			};
			name = Debug;
		};
		62A2F0FB2AC2986100A83D28 /* Release */ = {
			isa = XCBuildConfiguration;
			baseConfigurationReference = 405543A0F4DD842C0D866E5C /* Pods-iOSCounterApp.release.xcconfig */;
			buildSettings = {
				ASSETCATALOG_COMPILER_APPICON_NAME = AppIcon;
				ASSETCATALOG_COMPILER_GLOBAL_ACCENT_COLOR_NAME = AccentColor;
				CODE_SIGN_STYLE = Automatic;
				CURRENT_PROJECT_VERSION = 1;
				DEVELOPMENT_ASSET_PATHS = "\"iOSCounterApp/Preview Content\"";
				DEVELOPMENT_TEAM = X8NNQ9CYL2;
				ENABLE_PREVIEWS = YES;
				GENERATE_INFOPLIST_FILE = YES;
				INFOPLIST_KEY_UIApplicationSceneManifest_Generation = YES;
				INFOPLIST_KEY_UIApplicationSupportsIndirectInputEvents = YES;
				INFOPLIST_KEY_UILaunchScreen_Generation = YES;
				INFOPLIST_KEY_UISupportedInterfaceOrientations_iPad = "UIInterfaceOrientationPortrait UIInterfaceOrientationPortraitUpsideDown UIInterfaceOrientationLandscapeLeft UIInterfaceOrientationLandscapeRight";
				INFOPLIST_KEY_UISupportedInterfaceOrientations_iPhone = "UIInterfaceOrientationPortrait UIInterfaceOrientationLandscapeLeft UIInterfaceOrientationLandscapeRight";
				LD_RUNPATH_SEARCH_PATHS = (
					"$(inherited)",
					"@executable_path/Frameworks",
				);
				MARKETING_VERSION = 1.0;
				PRODUCT_BUNDLE_IDENTIFIER = com.ios.native.counterapp.iOSCounterApp;
				PRODUCT_NAME = "$(TARGET_NAME)";
				SWIFT_EMIT_LOC_STRINGS = YES;
				SWIFT_VERSION = 5.0;
				TARGETED_DEVICE_FAMILY = "1,2";
			};
			name = Release;
		};
/* End XCBuildConfiguration section */

/* Begin XCConfigurationList section */
		62A2F0E62AC2985F00A83D28 /* Build configuration list for PBXProject "iOSCounterApp" */ = {
			isa = XCConfigurationList;
			buildConfigurations = (
				62A2F0F72AC2986100A83D28 /* Debug */,
				62A2F0F82AC2986100A83D28 /* Release */,
			);
			defaultConfigurationIsVisible = 0;
			defaultConfigurationName = Release;
		};
		62A2F0F92AC2986100A83D28 /* Build configuration list for PBXNativeTarget "iOSCounterApp" */ = {
			isa = XCConfigurationList;
			buildConfigurations = (
				62A2F0FA2AC2986100A83D28 /* Debug */,
				62A2F0FB2AC2986100A83D28 /* Release */,
			);
			defaultConfigurationIsVisible = 0;
			defaultConfigurationName = Release;
		};
/* End XCConfigurationList section */
	};
	rootObject = 62A2F0E32AC2985F00A83D28 /* Project object */;
}
